{
  "requires": true,
  "lockfileVersion": 1,
  "dependencies": {
    "spotify-web-api-js": {
      "version": "1.1.1",
      "resolved": "https://registry.npmjs.org/spotify-web-api-js/-/spotify-web-api-js-1.1.1.tgz",
      "integrity": "sha512-1via0GvAIxExxtQr30bQSwifxwN2i5nJsJGsn26DTtFmaPIzn0jYiI2eJAuBIdxejphE/ijHHcJNtf2HClS8QA=="
    }
  }
}
